dependencies:
- name: postgresql
  repository: https://charts.bitnami.com/bitnami
  version: 18.7.8
- name: neo4j
  repository: https://helm.neo4j.com/neo4j
  version: 5.26.27
digest: sha256:ea373582abe96e90e612b47ab6ab839ae81ad1831834301ac9662ab97ca390d4
generated: "2026-06-26T19:25:18.108661+05:30"
